# This file is automatically @generated by Cargo.
# It is not intended for manual editing.
[[package]]
name = "anymap"
version = "0.12.1"
source = "registry+https://github.com/rust-lang/crates.io-index"
checksum = "33954243bd79057c2de7338850b85983a44588021f8a5fee574a8888c6de4344"

[[package]]
name = "mist"
version = "0.1.0"
dependencies = [
 "stakker",
]

[[package]]
name = "once_cell"
version = "1.7.2"
source = "registry+https://github.com/rust-lang/crates.io-index"
checksum = "af8b08b04175473088b46763e51ee54da5f9a164bc162f615b91bc179dbf15a3"

[[package]]
name = "qcell"
version = "0.4.1"
source = "registry+https://github.com/rust-lang/crates.io-index"
checksum = "906e33a2cef94b9cd09490445942e521241e51ce9919afe332f0ea32476c0fc4"
dependencies = [
 "once_cell",
]

[[package]]
name = "slab"
version = "0.4.2"
source = "registry+https://github.com/rust-lang/crates.io-index"
checksum = "c111b5bd5695e56cffe5129854aa230b39c93a305372fdbb2668ca2394eea9f8"

[[package]]
name = "stakker"
version = "0.2.0"
source = "registry+https://github.com/rust-lang/crates.io-index"
checksum = "5746fc92b968914e9b06dd02732dda4ae153c91cc23cc1f7166b553684d912e6"
dependencies = [
 "anymap",
 "qcell",
 "slab",
 "static_assertions",
]

[[package]]
name = "static_assertions"
version = "1.1.0"
source = "registry+https://github.com/rust-lang/crates.io-index"
checksum = "a2eb9349b6444b326872e140eb1cf5e7c522154d69e7a0ffb0fb81c06b37543f"
